
Microsoft Visual Studio Solution File, Format Version 12.00
# Visual Studio Version 17
VisualStudioVersion = 17.7.34009.444
MinimumVisualStudioVersion = 10.0.40219.1
Project("{FAE04EC0-301F-11D3-BF4B-00C04F79EFBC}") = "Sincrono y Paralelo", "Sincrono y Paralelo\Sincrono y Paralelo.csproj", "{487A67C0-2B78-46CE-93D0-77D705582C6B}"
EndProject
Global
	GlobalSection(SolutionConfigurationPlatforms) = preSolution
		Debug|Any CPU = Debug|Any CPU
		Release|Any CPU = Release|Any CPU
	EndGlobalSection
	GlobalSection(ProjectConfigurationPlatforms) = postSolution
		{487A67C0-2B78-46CE-93D0-77D705582C6B}.Debug|Any CPU.ActiveCfg = Debug|Any CPU
		{487A67C0-2B78-46CE-93D0-77D705582C6B}.Debug|Any CPU.Build.0 = Debug|Any CPU
		{487A67C0-2B78-46CE-93D0-77D705582C6B}.Release|Any CPU.ActiveCfg = Release|Any CPU
		{487A67C0-2B78-46CE-93D0-77D705582C6B}.Release|Any CPU.Build.0 = Release|Any CPU
	EndGlobalSection
	GlobalSection(SolutionProperties) = preSolution
		HideSolutionNode = FALSE
	EndGlobalSection
	GlobalSection(ExtensibilityGlobals) = postSolution
		SolutionGuid = {C845046C-CB88-46E7-8D9A-355A688AC7DA}
	EndGlobalSection
EndGlobal
